
Microsoft Visual Studio Solution File, Format Version 12.00
# Visual Studio Version 17
VisualStudioVersion = 17.7.34024.191
MinimumVisualStudioVersion = 10.0.40219.1
Project("{FAE04EC0-301F-11D3-BF4B-00C04F79EFBC}") = "testapplication", "testapplication\testapplication.csproj", "{CCD051A3-E5A4-420E-AF46-6AD039D4825C}"
EndProject
Global
	GlobalSection(SolutionConfigurationPlatforms) = preSolution
		Debug|Any CPU = Debug|Any CPU
		Release|Any CPU = Release|Any CPU
	EndGlobalSection
	GlobalSection(ProjectConfigurationPlatforms) = postSolution
		{CCD051A3-E5A4-420E-AF46-6AD039D4825C}.Debug|Any CPU.ActiveCfg = Debug|Any CPU
		{CCD051A3-E5A4-420E-AF46-6AD039D4825C}.Debug|Any CPU.Build.0 = Debug|Any CPU
		{CCD051A3-E5A4-420E-AF46-6AD039D4825C}.Release|Any CPU.ActiveCfg = Release|Any CPU
		{CCD051A3-E5A4-420E-AF46-6AD039D4825C}.Release|Any CPU.Build.0 = Release|Any CPU
	EndGlobalSection
	GlobalSection(SolutionProperties) = preSolution
		HideSolutionNode = FALSE
	EndGlobalSection
	GlobalSection(ExtensibilityGlobals) = postSolution
		SolutionGuid = {D77DDAE3-26CB-44C2-B292-1CD3CB38CEB8}
	EndGlobalSection
EndGlobal
